
Microsoft Visual Studio Solution File, Format Version 12.00
# Visual Studio 15
VisualStudioVersion = 15.0.27130.0
MinimumVisualStudioVersion = 10.0.40219.1
Project("{8BC9CEB8-8B4A-11D0-8D11-00A0C91BC942}") = "TopDownShooter", "TopDownShooter\TopDownShooter.vcxproj", "{2F215632-D797-4779-948B-9245857AEBD1}"
EndProject
Global
	GlobalSection(SolutionConfigurationPlatforms) = preSolution
		Debug|x64 = Debug|x64
		Debug|x86 = Debug|x86
		Release|x64 = Release|x64
		Release|x86 = Release|x86
	EndGlobalSection
	GlobalSection(ProjectConfigurationPlatforms) = postSolution
		{2F215632-D797-4779-948B-9245857AEBD1}.Debug|x64.ActiveCfg = Debug|x64
		{2F215632-D797-4779-948B-9245857AEBD1}.Debug|x64.Build.0 = Debug|x64
		{2F215632-D797-4779-948B-9245857AEBD1}.Debug|x86.ActiveCfg = Debug|Win32
		{2F215632-D797-4779-948B-9245857AEBD1}.Debug|x86.Build.0 = Debug|Win32
		{2F215632-D797-4779-948B-9245857AEBD1}.Release|x64.ActiveCfg = Release|x64
		{2F215632-D797-4779-948B-9245857AEBD1}.Release|x64.Build.0 = Release|x64
		{2F215632-D797-4779-948B-9245857AEBD1}.Release|x86.ActiveCfg = Release|Win32
		{2F215632-D797-4779-948B-9245857AEBD1}.Release|x86.Build.0 = Release|Win32
	EndGlobalSection
	GlobalSection(SolutionProperties) = preSolution
		HideSolutionNode = FALSE
	EndGlobalSection
	GlobalSection(ExtensibilityGlobals) = postSolution
		SolutionGuid = {6F1DB09C-24F3-47BC-9B53-C9ECC39BD083}
	EndGlobalSection
EndGlobal
